
Microsoft Visual Studio Solution File, Format Version 12.00
# Visual Studio Version 17
VisualStudioVersion = 17.10.35013.160
MinimumVisualStudioVersion = 10.0.40219.1
Project("{FAE04EC0-301F-11D3-BF4B-00C04F79EFBC}") = "Sandbox1", "Sandbox1.csproj", "{1A40C168-5B6C-412E-AA04-F32311885AE8}"
EndProject
Global
	GlobalSection(SolutionConfigurationPlatforms) = preSolution
		Debug|Any CPU = Debug|Any CPU
		Release|Any CPU = Release|Any CPU
	EndGlobalSection
	GlobalSection(ProjectConfigurationPlatforms) = postSolution
		{1A40C168-5B6C-412E-AA04-F32311885AE8}.Debug|Any CPU.ActiveCfg = Debug|Any CPU
		{1A40C168-5B6C-412E-AA04-F32311885AE8}.Debug|Any CPU.Build.0 = Debug|Any CPU
		{1A40C168-5B6C-412E-AA04-F32311885AE8}.Release|Any CPU.ActiveCfg = Release|Any CPU
		{1A40C168-5B6C-412E-AA04-F32311885AE8}.Release|Any CPU.Build.0 = Release|Any CPU
	EndGlobalSection
	GlobalSection(SolutionProperties) = preSolution
		HideSolutionNode = FALSE
	EndGlobalSection
	GlobalSection(ExtensibilityGlobals) = postSolution
		SolutionGuid = {3838E27D-F6C8-46F9-B413-1B5FE1FD3E4F}
	EndGlobalSection
EndGlobal
